
Microsoft Visual Studio Solution File, Format Version 12.00
# Visual Studio Version 17
VisualStudioVersion = 17.14.36310.24 d17.14
MinimumVisualStudioVersion = 10.0.40219.1
Project("{FAE04EC0-301F-11D3-BF4B-00C04F79EFBC}") = "Tic_Tac_Toe_Game", "Tic_Tac_Toe_Game.csproj", "{98564858-EA80-47E1-A3A3-8CE99C3D42A6}"
EndProject
Global
	GlobalSection(SolutionConfigurationPlatforms) = preSolution
		Debug|Any CPU = Debug|Any CPU
		Release|Any CPU = Release|Any CPU
	EndGlobalSection
	GlobalSection(ProjectConfigurationPlatforms) = postSolution
		{98564858-EA80-47E1-A3A3-8CE99C3D42A6}.Debug|Any CPU.ActiveCfg = Debug|Any CPU
		{98564858-EA80-47E1-A3A3-8CE99C3D42A6}.Debug|Any CPU.Build.0 = Debug|Any CPU
		{98564858-EA80-47E1-A3A3-8CE99C3D42A6}.Release|Any CPU.ActiveCfg = Release|Any CPU
		{98564858-EA80-47E1-A3A3-8CE99C3D42A6}.Release|Any CPU.Build.0 = Release|Any CPU
	EndGlobalSection
	GlobalSection(SolutionProperties) = preSolution
		HideSolutionNode = FALSE
	EndGlobalSection
	GlobalSection(ExtensibilityGlobals) = postSolution
		SolutionGuid = {FC0AF2F2-3DD4-4206-8652-ACD632ECDA49}
	EndGlobalSection
EndGlobal
